
Microsoft Visual Studio Solution File, Format Version 12.00
# Visual Studio 15
VisualStudioVersion = 15.0.26730.16
MinimumVisualStudioVersion = 10.0.40219.1
Project("{FAE04EC0-301F-11D3-BF4B-00C04F79EFBC}") = "MainForm", "MainForm\MainForm.csproj", "{AF1E363C-C4E6-4604-A361-DF249F6CCB26}"
EndProject
Project("{FAE04EC0-301F-11D3-BF4B-00C04F79EFBC}") = "Globals", "Globals\Globals.csproj", "{B1FC75EC-5CDF-4518-8D8F-559953235F08}"
EndProject
Project("{FAE04EC0-301F-11D3-BF4B-00C04F79EFBC}") = "LogicLayer", "LogicLayer\LogicLayer.csproj", "{7064057B-F577-4B88-8685-8955B350C9ED}"
EndProject
Global
	GlobalSection(SolutionConfigurationPlatforms) = preSolution
		Debug|Any CPU = Debug|Any CPU
		Release|Any CPU = Release|Any CPU
	EndGlobalSection
	GlobalSection(ProjectConfigurationPlatforms) = postSolution
		{AF1E363C-C4E6-4604-A361-DF249F6CCB26}.Debug|Any CPU.ActiveCfg = Debug|Any CPU
		{AF1E363C-C4E6-4604-A361-DF249F6CCB26}.Debug|Any CPU.Build.0 = Debug|Any CPU
		{AF1E363C-C4E6-4604-A361-DF249F6CCB26}.Release|Any CPU.ActiveCfg = Release|Any CPU
		{AF1E363C-C4E6-4604-A361-DF249F6CCB26}.Release|Any CPU.Build.0 = Release|Any CPU
		{B1FC75EC-5CDF-4518-8D8F-559953235F08}.Debug|Any CPU.ActiveCfg = Debug|Any CPU
		{B1FC75EC-5CDF-4518-8D8F-559953235F08}.Debug|Any CPU.Build.0 = Debug|Any CPU
		{B1FC75EC-5CDF-4518-8D8F-559953235F08}.Release|Any CPU.ActiveCfg = Release|Any CPU
		{B1FC75EC-5CDF-4518-8D8F-559953235F08}.Release|Any CPU.Build.0 = Release|Any CPU
		{7064057B-F577-4B88-8685-8955B350C9ED}.Debug|Any CPU.ActiveCfg = Debug|Any CPU
		{7064057B-F577-4B88-8685-8955B350C9ED}.Debug|Any CPU.Build.0 = Debug|Any CPU
		{7064057B-F577-4B88-8685-8955B350C9ED}.Release|Any CPU.ActiveCfg = Release|Any CPU
		{7064057B-F577-4B88-8685-8955B350C9ED}.Release|Any CPU.Build.0 = Release|Any CPU
	EndGlobalSection
	GlobalSection(SolutionProperties) = preSolution
		HideSolutionNode = FALSE
	EndGlobalSection
	GlobalSection(ExtensibilityGlobals) = postSolution
		SolutionGuid = {FC5C9C86-9A63-493F-882B-BAF141FFEE15}
	EndGlobalSection
EndGlobal
